
Microsoft Visual Studio Solution File, Format Version 12.00
# Visual Studio Version 17
VisualStudioVersion = 17.3.32804.467
MinimumVisualStudioVersion = 10.0.40219.1
Project("{9A19103F-16F7-4668-BE54-9A1E7A4F7556}") = "DataAccess", "DataAccess\DataAccess.csproj", "{22FFA33A-5D80-4C41-951B-706194CF0291}"
EndProject
Project("{9A19103F-16F7-4668-BE54-9A1E7A4F7556}") = "Business", "Business\Business.csproj", "{107F75FF-E55A-4D6C-8302-6D71228A5CFE}"
EndProject
Project("{9A19103F-16F7-4668-BE54-9A1E7A4F7556}") = "Entities", "Entities\Entities.csproj", "{68C6B5C6-5D7F-425D-A612-6BFDD122B98E}"
EndProject
Project("{9A19103F-16F7-4668-BE54-9A1E7A4F7556}") = "ConsoleUI", "ConsoleUI\ConsoleUI.csproj", "{5306595C-F1A6-4095-9A06-B10DCC247B65}"
EndProject
Project("{FAE04EC0-301F-11D3-BF4B-00C04F79EFBC}") = "Core", "Core\Core.csproj", "{DF28E343-4740-43B1-82E7-298081C60EC6}"
EndProject
Global
	GlobalSection(SolutionConfigurationPlatforms) = preSolution
		Debug|Any CPU = Debug|Any CPU
		Release|Any CPU = Release|Any CPU
	EndGlobalSection
	GlobalSection(ProjectConfigurationPlatforms) = postSolution
		{22FFA33A-5D80-4C41-951B-706194CF0291}.Debug|Any CPU.ActiveCfg = Debug|Any CPU
		{22FFA33A-5D80-4C41-951B-706194CF0291}.Debug|Any CPU.Build.0 = Debug|Any CPU
		{22FFA33A-5D80-4C41-951B-706194CF0291}.Release|Any CPU.ActiveCfg = Release|Any CPU
		{22FFA33A-5D80-4C41-951B-706194CF0291}.Release|Any CPU.Build.0 = Release|Any CPU
		{107F75FF-E55A-4D6C-8302-6D71228A5CFE}.Debug|Any CPU.ActiveCfg = Debug|Any CPU
		{107F75FF-E55A-4D6C-8302-6D71228A5CFE}.Debug|Any CPU.Build.0 = Debug|Any CPU
		{107F75FF-E55A-4D6C-8302-6D71228A5CFE}.Release|Any CPU.ActiveCfg = Release|Any CPU
		{107F75FF-E55A-4D6C-8302-6D71228A5CFE}.Release|Any CPU.Build.0 = Release|Any CPU
		{68C6B5C6-5D7F-425D-A612-6BFDD122B98E}.Debug|Any CPU.ActiveCfg = Debug|Any CPU
		{68C6B5C6-5D7F-425D-A612-6BFDD122B98E}.Debug|Any CPU.Build.0 = Debug|Any CPU
		{68C6B5C6-5D7F-425D-A612-6BFDD122B98E}.Release|Any CPU.ActiveCfg = Release|Any CPU
		{68C6B5C6-5D7F-425D-A612-6BFDD122B98E}.Release|Any CPU.Build.0 = Release|Any CPU
		{5306595C-F1A6-4095-9A06-B10DCC247B65}.Debug|Any CPU.ActiveCfg = Debug|Any CPU
		{5306595C-F1A6-4095-9A06-B10DCC247B65}.Debug|Any CPU.Build.0 = Debug|Any CPU
		{5306595C-F1A6-4095-9A06-B10DCC247B65}.Release|Any CPU.ActiveCfg = Release|Any CPU
		{5306595C-F1A6-4095-9A06-B10DCC247B65}.Release|Any CPU.Build.0 = Release|Any CPU
		{DF28E343-4740-43B1-82E7-298081C60EC6}.Debug|Any CPU.ActiveCfg = Debug|Any CPU
		{DF28E343-4740-43B1-82E7-298081C60EC6}.Debug|Any CPU.Build.0 = Debug|Any CPU
		{DF28E343-4740-43B1-82E7-298081C60EC6}.Release|Any CPU.ActiveCfg = Release|Any CPU
		{DF28E343-4740-43B1-82E7-298081C60EC6}.Release|Any CPU.Build.0 = Release|Any CPU
	EndGlobalSection
	GlobalSection(SolutionProperties) = preSolution
		HideSolutionNode = FALSE
	EndGlobalSection
	GlobalSection(ExtensibilityGlobals) = postSolution
		SolutionGuid = {6139C0E5-C3E4-4885-8333-57A1D68FB372}
	EndGlobalSection
EndGlobal
